
Microsoft Visual Studio Solution File, Format Version 12.00
# Visual Studio Version 16
VisualStudioVersion = 16.0.809.6
MinimumVisualStudioVersion = 10.0.40219.1
Project("{FAE04EC0-301F-11D3-BF4B-00C04F79EFBC}") = "WebAppTemplate", "WebAppTemplate\WebAppTemplate.csproj", "{646166A2-46F0-4751-B97E-4FC5D7737664}"
EndProject
Global
	GlobalSection(SolutionConfigurationPlatforms) = preSolution
		Debug|Any CPU = Debug|Any CPU
		Release|Any CPU = Release|Any CPU
	EndGlobalSection
	GlobalSection(ProjectConfigurationPlatforms) = postSolution
		{646166A2-46F0-4751-B97E-4FC5D7737664}.Debug|Any CPU.ActiveCfg = Debug|Any CPU
		{646166A2-46F0-4751-B97E-4FC5D7737664}.Debug|Any CPU.Build.0 = Debug|Any CPU
		{646166A2-46F0-4751-B97E-4FC5D7737664}.Release|Any CPU.ActiveCfg = Release|Any CPU
		{646166A2-46F0-4751-B97E-4FC5D7737664}.Release|Any CPU.Build.0 = Release|Any CPU
	EndGlobalSection
	GlobalSection(SolutionProperties) = preSolution
		HideSolutionNode = FALSE
	EndGlobalSection
	GlobalSection(ExtensibilityGlobals) = postSolution
		SolutionGuid = {EB64D30B-F45D-4FD8-8A85-788E62CF08EC}
	EndGlobalSection
EndGlobal
